
Microsoft Visual Studio Solution File, Format Version 12.00
# Visual Studio Version 17
VisualStudioVersion = 17.14.37411.7 d17.14
MinimumVisualStudioVersion = 10.0.40219.1
Project("{FAE04EC0-301F-11D3-BF4B-00C04F79EFBC}") = "Catalog.Api", "Catalog.Api.csproj", "{4886D739-23CD-4EB5-AAFA-1B30F199E239}"
EndProject
Global
	GlobalSection(SolutionConfigurationPlatforms) = preSolution
		Debug|Any CPU = Debug|Any CPU
		Release|Any CPU = Release|Any CPU
	EndGlobalSection
	GlobalSection(ProjectConfigurationPlatforms) = postSolution
		{4886D739-23CD-4EB5-AAFA-1B30F199E239}.Debug|Any CPU.ActiveCfg = Debug|Any CPU
		{4886D739-23CD-4EB5-AAFA-1B30F199E239}.Debug|Any CPU.Build.0 = Debug|Any CPU
		{4886D739-23CD-4EB5-AAFA-1B30F199E239}.Release|Any CPU.ActiveCfg = Release|Any CPU
		{4886D739-23CD-4EB5-AAFA-1B30F199E239}.Release|Any CPU.Build.0 = Release|Any CPU
	EndGlobalSection
	GlobalSection(SolutionProperties) = preSolution
		HideSolutionNode = FALSE
	EndGlobalSection
	GlobalSection(ExtensibilityGlobals) = postSolution
		SolutionGuid = {F58BC7AB-35FF-43CE-AC23-F74E101C3512}
	EndGlobalSection
EndGlobal
